// !$*UTF8*$!
{
	archiveVersion = 1;
	classes = {
	};
	objectVersion = 55;
	objects = {

/* Begin PBXBuildFile section */
		FA10CE162884C9B4000FDD3D /* shadowView.swift in Sources */ = {isa = PBXBuildFile; fileRef = FA10CE152884C9B4000FDD3D /* shadowView.swift */; };
		FA10CE182884E1E9000FDD3D /* drinksTableViewCell.swift in Sources */ = {isa = PBXBuildFile; fileRef = FA10CE172884E1E9000FDD3D /* drinksTableViewCell.swift */; };
		FA5D27E42884771A00A10E8A /* AppDelegate.swift in Sources */ = {isa = PBXBuildFile; fileRef = FA5D27E32884771A00A10E8A /* AppDelegate.swift */; };
		FA5D27E62884771A00A10E8A /* SceneDelegate.swift in Sources */ = {isa = PBXBuildFile; fileRef = FA5D27E52884771A00A10E8A /* SceneDelegate.swift */; };
		FA5D27E82884771A00A10E8A /* ViewController.swift in Sources */ = {isa = PBXBuildFile; fileRef = FA5D27E72884771A00A10E8A /* ViewController.swift */; };
		FA5D27EB2884771A00A10E8A /* Main.storyboard in Resources */ = {isa = PBXBuildFile; fileRef = FA5D27E92884771A00A10E8A /* Main.storyboard */; };
		FA5D27ED2884771C00A10E8A /* Assets.xcassets in Resources */ = {isa = PBXBuildFile; fileRef = FA5D27EC2884771C00A10E8A /* Assets.xcassets */; };
		FA5D27F02884771C00A10E8A /* LaunchScreen.storyboard in Resources */ = {isa = PBXBuildFile; fileRef = FA5D27EE2884771C00A10E8A /* LaunchScreen.storyboard */; };
/* End PBXBuildFile section */

/* Begin PBXFileReference section */
		FA10CE152884C9B4000FDD3D /* shadowView.swift */ = {isa = PBXFileReference; lastKnownFileType = sourcecode.swift; path = shadowView.swift; sourceTree = "<group>"; };
		FA10CE172884E1E9000FDD3D /* drinksTableViewCell.swift */ = {isa = PBXFileReference; lastKnownFileType = sourcecode.swift; path = drinksTableViewCell.swift; sourceTree = "<group>"; };
		FA5D27E02884771A00A10E8A /* Check My Liquid.app */ = {isa = PBXFileReference; explicitFileType = wrapper.application; includeInIndex = 0; path = "Check My Liquid.app"; sourceTree = BUILT_PRODUCTS_DIR; };
		FA5D27E32884771A00A10E8A /* AppDelegate.swift */ = {isa = PBXFileReference; lastKnownFileType = sourcecode.swift; path = AppDelegate.swift; sourceTree = "<group>"; };
		FA5D27E52884771A00A10E8A /* SceneDelegate.swift */ = {isa = PBXFileReference; lastKnownFileType = sourcecode.swift; path = SceneDelegate.swift; sourceTree = "<group>"; };
		FA5D27E72884771A00A10E8A /* ViewController.swift */ = {isa = PBXFileReference; lastKnownFileType = sourcecode.swift; path = ViewController.swift; sourceTree = "<group>"; };
		FA5D27EA2884771A00A10E8A /* Base */ = {isa = PBXFileReference; lastKnownFileType = file.storyboard; name = Base; path = Base.lproj/Main.storyboard; sourceTree = "<group>"; };
		FA5D27EC2884771C00A10E8A /* Assets.xcassets */ = {isa = PBXFileReference; lastKnownFileType = folder.assetcatalog; path = Assets.xcassets; sourceTree = "<group>"; };
		FA5D27EF2884771C00A10E8A /* Base */ = {isa = PBXFileReference; lastKnownFileType = file.storyboard; name = Base; path = Base.lproj/LaunchScreen.storyboard; sourceTree = "<group>"; };
		FA5D27F12884771C00A10E8A /* Info.plist */ = {isa = PBXFileReference; lastKnownFileType = text.plist.xml; path = Info.plist; sourceTree = "<group>"; };
/* End PBXFileReference section */

/* Begin PBXFrameworksBuildPhase section */
		FA5D27DD2884771A00A10E8A /* Frameworks */ = {
			isa = PBXFrameworksBuildPhase;
			buildActionMask = 2147483647;
			files = (
			);
			runOnlyForDeploymentPostprocessing = 0;
		};
/* End PBXFrameworksBuildPhase section */

/* Begin PBXGroup section */
		FA10CE142884C979000FDD3D /* Views */ = {
			isa = PBXGroup;
			children = (
				FA10CE152884C9B4000FDD3D /* shadowView.swift */,
			);
			path = Views;
			sourceTree = "<group>";
		};
		FA5D27D72884771A00A10E8A = {
			isa = PBXGroup;
			children = (
				FA5D27E22884771A00A10E8A /* Check My Liquid */,
				FA5D27E12884771A00A10E8A /* Products */,
			);
			sourceTree = "<group>";
		};
		FA5D27E12884771A00A10E8A /* Products */ = {
			isa = PBXGroup;
			children = (
				FA5D27E02884771A00A10E8A /* Check My Liquid.app */,
			);
			name = Products;
			sourceTree = "<group>";
		};
		FA5D27E22884771A00A10E8A /* Check My Liquid */ = {
			isa = PBXGroup;
			children = (
				FA10CE142884C979000FDD3D /* Views */,
				FA5D27E32884771A00A10E8A /* AppDelegate.swift */,
				FA5D27E52884771A00A10E8A /* SceneDelegate.swift */,
				FA5D27E72884771A00A10E8A /* ViewController.swift */,
				FA10CE172884E1E9000FDD3D /* drinksTableViewCell.swift */,
				FA5D27E92884771A00A10E8A /* Main.storyboard */,
				FA5D27EC2884771C00A10E8A /* Assets.xcassets */,
				FA5D27EE2884771C00A10E8A /* LaunchScreen.storyboard */,
				FA5D27F12884771C00A10E8A /* Info.plist */,
			);
			path = "Check My Liquid";
			sourceTree = "<group>";
		};
/* End PBXGroup section */

/* Begin PBXNativeTarget section */
		FA5D27DF2884771A00A10E8A /* Check My Liquid */ = {
			isa = PBXNativeTarget;
			buildConfigurationList = FA5D27F42884771C00A10E8A /* Build configuration list for PBXNativeTarget "Check My Liquid" */;
			buildPhases = (
				FA5D27DC2884771A00A10E8A /* Sources */,
				FA5D27DD2884771A00A10E8A /* Frameworks */,
				FA5D27DE2884771A00A10E8A /* Resources */,
			);
			buildRules = (
			);
			dependencies = (
			);
			name = "Check My Liquid";
			productName = "Check My Liquid";
			productReference = FA5D27E02884771A00A10E8A /* Check My Liquid.app */;
			productType = "com.apple.product-type.application";
		};
/* End PBXNativeTarget section */

/* Begin PBXProject section */
		FA5D27D82884771A00A10E8A /* Project object */ = {
			isa = PBXProject;
			attributes = {
				BuildIndependentTargetsInParallel = 1;
				LastSwiftUpdateCheck = 1340;
				LastUpgradeCheck = 1340;
				TargetAttributes = {
					FA5D27DF2884771A00A10E8A = {
						CreatedOnToolsVersion = 13.4.1;
					};
				};
			};
			buildConfigurationList = FA5D27DB2884771A00A10E8A /* Build configuration list for PBXProject "Check My Liquid" */;
			compatibilityVersion = "Xcode 13.0";
			developmentRegion = en;
			hasScannedForEncodings = 0;
			knownRegions = (
				en,
				Base,
			);
			mainGroup = FA5D27D72884771A00A10E8A;
			productRefGroup = FA5D27E12884771A00A10E8A /* Products */;
			projectDirPath = "";
			projectRoot = "";
			targets = (
				FA5D27DF2884771A00A10E8A /* Check My Liquid */,
			);
		};
/* End PBXProject section */

/* Begin PBXResourcesBuildPhase section */
		FA5D27DE2884771A00A10E8A /* Resources */ = {
			isa = PBXResourcesBuildPhase;
			buildActionMask = 2147483647;
			files = (
				FA5D27F02884771C00A10E8A /* LaunchScreen.storyboard in Resources */,
				FA5D27ED2884771C00A10E8A /* Assets.xcassets in Resources */,
				FA5D27EB2884771A00A10E8A /* Main.storyboard in Resources */,
			);
			runOnlyForDeploymentPostprocessing = 0;
		};
/* End PBXResourcesBuildPhase section */

/* Begin PBXSourcesBuildPhase section */
		FA5D27DC2884771A00A10E8A /* Sources */ = {
			isa = PBXSourcesBuildPhase;
			buildActionMask = 2147483647;
			files = (
				FA10CE162884C9B4000FDD3D /* shadowView.swift in Sources */,
				FA10CE182884E1E9000FDD3D /* drinksTableViewCell.swift in Sources */,
				FA5D27E82884771A00A10E8A /* ViewController.swift in Sources */,
				FA5D27E42884771A00A10E8A /* AppDelegate.swift in Sources */,
				FA5D27E62884771A00A10E8A /* SceneDelegate.swift in Sources */,
			);
			runOnlyForDeploymentPostprocessing = 0;
		};
/* End PBXSourcesBuildPhase section */

/* Begin PBXVariantGroup section */
		FA5D27E92884771A00A10E8A /* Main.storyboard */ = {
			isa = PBXVariantGroup;
			children = (
				FA5D27EA2884771A00A10E8A /* Base */,
			);
			name = Main.storyboard;
			sourceTree = "<group>";
		};
		FA5D27EE2884771C00A10E8A /* LaunchScreen.storyboard */ = {
			isa = PBXVariantGroup;
			children = (
				FA5D27EF2884771C00A10E8A /* Base */,
			);
			name = LaunchScreen.storyboard;
			sourceTree = "<group>";
		};
/* End PBXVariantGroup section */

/* Begin XCBuildConfiguration section */
		FA5D27F22884771C00A10E8A /* Debug */ = {
			isa = XCBuildConfiguration;
			buildSettings = {
				ALWAYS_SEARCH_USER_PATHS = NO;
				CLANG_ANALYZER_NONNULL = YES;
				CLANG_ANALYZER_NUMBER_OBJECT_CONVERSION = YES_AGGRESSIVE;
				CLANG_CXX_LANGUAGE_STANDARD = "gnu++17";
				CLANG_ENABLE_MODULES = YES;
				CLANG_ENABLE_OBJC_ARC = YES;
				CLANG_ENABLE_OBJC_WEAK = YES;
				CLANG_WARN_BLOCK_CAPTURE_AUTORELEASING = YES;
				CLANG_WARN_BOOL_CONVERSION = YES;
				CLANG_WARN_COMMA = YES;
				CLANG_WARN_CONSTANT_CONVERSION = YES;
				CLANG_WARN_DEPRECATED_OBJC_IMPLEMENTATIONS = YES;
				CLANG_WARN_DIRECT_OBJC_ISA_USAGE = YES_ERROR;
				CLANG_WARN_DOCUMENTATION_COMMENTS = YES;
				CLANG_WARN_EMPTY_BODY = YES;
				CLANG_WARN_ENUM_CONVERSION = YES;
				CLANG_WARN_INFINITE_RECURSION = YES;
				CLANG_WARN_INT_CONVERSION = YES;
				CLANG_WARN_NON_LITERAL_NULL_CONVERSION = YES;
				CLANG_WARN_OBJC_IMPLICIT_RETAIN_SELF = YES;
				CLANG_WARN_OBJC_LITERAL_CONVERSION = YES;
				CLANG_WARN_OBJC_ROOT_CLASS = YES_ERROR;
				CLANG_WARN_QUOTED_INCLUDE_IN_FRAMEWORK_HEADER = YES;
				CLANG_WARN_RANGE_LOOP_ANALYSIS = YES;
				CLANG_WARN_STRICT_PROTOTYPES = YES;
				CLANG_WARN_SUSPICIOUS_MOVE = YES;
				CLANG_WARN_UNGUARDED_AVAILABILITY = YES_AGGRESSIVE;
				CLANG_WARN_UNREACHABLE_CODE = YES;
				CLANG_WARN__DUPLICATE_METHOD_MATCH = YES;
				COPY_PHASE_STRIP = NO;
				DEBUG_INFORMATION_FORMAT = dwarf;
				ENABLE_STRICT_OBJC_MSGSEND = YES;
				ENABLE_TESTABILITY = YES;
				GCC_C_LANGUAGE_STANDARD = gnu11;
				GCC_DYNAMIC_NO_PIC = NO;
				GCC_NO_COMMON_BLOCKS = YES;
				GCC_OPTIMIZATION_LEVEL = 0;
				GCC_PREPROCESSOR_DEFINITIONS = (
					"DEBUG=1",
					"$(inherited)",
				);
				GCC_WARN_64_TO_32_BIT_CONVERSION = YES;
				GCC_WARN_ABOUT_RETURN_TYPE = YES_ERROR;
				GCC_WARN_UNDECLARED_SELECTOR = YES;
				GCC_WARN_UNINITIALIZED_AUTOS = YES_AGGRESSIVE;
				GCC_WARN_UNUSED_FUNCTION = YES;
				GCC_WARN_UNUSED_VARIABLE = YES;
				IPHONEOS_DEPLOYMENT_TARGET = 15.5;
				MTL_ENABLE_DEBUG_INFO = INCLUDE_SOURCE;
				MTL_FAST_MATH = YES;
				ONLY_ACTIVE_ARCH = YES;
				SDKROOT = iphoneos;
				SWIFT_ACTIVE_COMPILATION_CONDITIONS = DEBUG;
				SWIFT_OPTIMIZATION_LEVEL = "-Onone";
			};
			name = Debug;
		};
		FA5D27F32884771C00A10E8A /* Release */ = {
			isa = XCBuildConfiguration;
			buildSettings = {
				ALWAYS_SEARCH_USER_PATHS = NO;
				CLANG_ANALYZER_NONNULL = YES;
				CLANG_ANALYZER_NUMBER_OBJECT_CONVERSION = YES_AGGRESSIVE;
				CLANG_CXX_LANGUAGE_STANDARD = "gnu++17";
				CLANG_ENABLE_MODULES = YES;
				CLANG_ENABLE_OBJC_ARC = YES;
				CLANG_ENABLE_OBJC_WEAK = YES;
				CLANG_WARN_BLOCK_CAPTURE_AUTORELEASING = YES;
				CLANG_WARN_BOOL_CONVERSION = YES;
				CLANG_WARN_COMMA = YES;
				CLANG_WARN_CONSTANT_CONVERSION = YES;
				CLANG_WARN_DEPRECATED_OBJC_IMPLEMENTATIONS = YES;
				CLANG_WARN_DIRECT_OBJC_ISA_USAGE = YES_ERROR;
				CLANG_WARN_DOCUMENTATION_COMMENTS = YES;
				CLANG_WARN_EMPTY_BODY = YES;
				CLANG_WARN_ENUM_CONVERSION = YES;
				CLANG_WARN_INFINITE_RECURSION = YES;
				CLANG_WARN_INT_CONVERSION = YES;
				CLANG_WARN_NON_LITERAL_NULL_CONVERSION = YES;
				CLANG_WARN_OBJC_IMPLICIT_RETAIN_SELF = YES;
				CLANG_WARN_OBJC_LITERAL_CONVERSION = YES;
				CLANG_WARN_OBJC_ROOT_CLASS = YES_ERROR;
				CLANG_WARN_QUOTED_INCLUDE_IN_FRAMEWORK_HEADER = YES;
				CLANG_WARN_RANGE_LOOP_ANALYSIS = YES;
				CLANG_WARN_STRICT_PROTOTYPES = YES;
				CLANG_WARN_SUSPICIOUS_MOVE = YES;
				CLANG_WARN_UNGUARDED_AVAILABILITY = YES_AGGRESSIVE;
				CLANG_WARN_UNREACHABLE_CODE = YES;
				CLANG_WARN__DUPLICATE_METHOD_MATCH = YES;
				COPY_PHASE_STRIP = NO;
				DEBUG_INFORMATION_FORMAT = "dwarf-with-dsym";
				ENABLE_NS_ASSERTIONS = NO;
				ENABLE_STRICT_OBJC_MSGSEND = YES;
				GCC_C_LANGUAGE_STANDARD = gnu11;
				GCC_NO_COMMON_BLOCKS = YES;
				GCC_WARN_64_TO_32_BIT_CONVERSION = YES;
				GCC_WARN_ABOUT_RETURN_TYPE = YES_ERROR;
				GCC_WARN_UNDECLARED_SELECTOR = YES;
				GCC_WARN_UNINITIALIZED_AUTOS = YES_AGGRESSIVE;
				GCC_WARN_UNUSED_FUNCTION = YES;
				GCC_WARN_UNUSED_VARIABLE = YES;
				IPHONEOS_DEPLOYMENT_TARGET = 15.5;
				MTL_ENABLE_DEBUG_INFO = NO;
				MTL_FAST_MATH = YES;
				SDKROOT = iphoneos;
				SWIFT_COMPILATION_MODE = wholemodule;
				SWIFT_OPTIMIZATION_LEVEL = "-O";
				VALIDATE_PRODUCT = YES;
			};
			name = Release;
		};
		FA5D27F52884771C00A10E8A /* Debug */ = {
			isa = XCBuildConfiguration;
			buildSettings = {
				ASSETCATALOG_COMPILER_APPICON_NAME = AppIcon;
				ASSETCATALOG_COMPILER_GLOBAL_ACCENT_COLOR_NAME = AccentColor;
				CODE_SIGN_STYLE = Automatic;
				CURRENT_PROJECT_VERSION = 1;
				DEVELOPMENT_TEAM = W35P6LHCZU;
				GENERATE_INFOPLIST_FILE = YES;
				INFOPLIST_FILE = "Check My Liquid/Info.plist";
				INFOPLIST_KEY_UIApplicationSupportsIndirectInputEvents = YES;
				INFOPLIST_KEY_UILaunchStoryboardName = LaunchScreen;
				INFOPLIST_KEY_UIMainStoryboardFile = Main;
				INFOPLIST_KEY_UISupportedInterfaceOrientations_iPad = "UIInterfaceOrientationPortrait UIInterfaceOrientationPortraitUpsideDown UIInterfaceOrientationLandscapeLeft UIInterfaceOrientationLandscapeRight";
				INFOPLIST_KEY_UISupportedInterfaceOrientations_iPhone = "UIInterfaceOrientationPortrait UIInterfaceOrientationLandscapeLeft UIInterfaceOrientationLandscapeRight";
				LD_RUNPATH_SEARCH_PATHS = (
					"$(inherited)",
					"@executable_path/Frameworks",
				);
				MARKETING_VERSION = 1.0;
				PRODUCT_BUNDLE_IDENTIFIER = "io.immaxp.Check-My-Liquid";
				PRODUCT_NAME = "$(TARGET_NAME)";
				SWIFT_EMIT_LOC_STRINGS = YES;
				SWIFT_VERSION = 5.0;
				TARGETED_DEVICE_FAMILY = "1,2";
			};
			name = Debug;
		};
		FA5D27F62884771C00A10E8A /* Release */ = {
			isa = XCBuildConfiguration;
			buildSettings = {
				ASSETCATALOG_COMPILER_APPICON_NAME = AppIcon;
				ASSETCATALOG_COMPILER_GLOBAL_ACCENT_COLOR_NAME = AccentColor;
				CODE_SIGN_STYLE = Automatic;
				CURRENT_PROJECT_VERSION = 1;
				DEVELOPMENT_TEAM = W35P6LHCZU;
				GENERATE_INFOPLIST_FILE = YES;
				INFOPLIST_FILE = "Check My Liquid/Info.plist";
				INFOPLIST_KEY_UIApplicationSupportsIndirectInputEvents = YES;
				INFOPLIST_KEY_UILaunchStoryboardName = LaunchScreen;
				INFOPLIST_KEY_UIMainStoryboardFile = Main;
				INFOPLIST_KEY_UISupportedInterfaceOrientations_iPad = "UIInterfaceOrientationPortrait UIInterfaceOrientationPortraitUpsideDown UIInterfaceOrientationLandscapeLeft UIInterfaceOrientationLandscapeRight";
				INFOPLIST_KEY_UISupportedInterfaceOrientations_iPhone = "UIInterfaceOrientationPortrait UIInterfaceOrientationLandscapeLeft UIInterfaceOrientationLandscapeRight";
				LD_RUNPATH_SEARCH_PATHS = (
					"$(inherited)",
					"@executable_path/Frameworks",
				);
				MARKETING_VERSION = 1.0;
				PRODUCT_BUNDLE_IDENTIFIER = "io.immaxp.Check-My-Liquid";
				PRODUCT_NAME = "$(TARGET_NAME)";
				SWIFT_EMIT_LOC_STRINGS = YES;
				SWIFT_VERSION = 5.0;
				TARGETED_DEVICE_FAMILY = "1,2";
			};
			name = Release;
		};
/* End XCBuildConfiguration section */

/* Begin XCConfigurationList section */
		FA5D27DB2884771A00A10E8A /* Build configuration list for PBXProject "Check My Liquid" */ = {
			isa = XCConfigurationList;
			buildConfigurations = (
				FA5D27F22884771C00A10E8A /* Debug */,
				FA5D27F32884771C00A10E8A /* Release */,
			);
			defaultConfigurationIsVisible = 0;
			defaultConfigurationName = Release;
		};
		FA5D27F42884771C00A10E8A /* Build configuration list for PBXNativeTarget "Check My Liquid" */ = {
			isa = XCConfigurationList;
			buildConfigurations = (
				FA5D27F52884771C00A10E8A /* Debug */,
				FA5D27F62884771C00A10E8A /* Release */,
			);
			defaultConfigurationIsVisible = 0;
			defaultConfigurationName = Release;
		};
/* End XCConfigurationList section */
	};
	rootObject = FA5D27D82884771A00A10E8A /* Project object */;
}
